Microsoft Visual Studio Solution File, Format Version 12.00
# Visual Studio 15
VisualStudioVersion = 15.0.27130.2010
MinimumVisualStudioVersion = 10.0.40219.1
Project("{2150E333-8FDC-42A3-9474-1A3956D46DE8}") = "src", "src", "{5734E9DC-CF67-4337-B28E-695280598B88}"
	ProjectSection(SolutionItems) = preProject
		src\Directory.Build.props = src\Directory.Build.props
	EndProjectSection
EndProject
Project("{2150E333-8FDC-42A3-9474-1A3956D46DE8}") = "build", "build", "{AAB0D92A-7B90-478A-8360-3E6A20BD0B71}"
	ProjectSection(SolutionItems) = preProject
		NuGet.config = NuGet.config
	EndProjectSection
EndProject
Project("{2150E333-8FDC-42A3-9474-1A3956D46DE8}") = "samples", "samples", "{AA791E28-7914-439A-B59A-580B8D8FE95D}"
EndProject
Project("{2150E333-8FDC-42A3-9474-1A3956D46DE8}") = "test", "test", "{058BCE2A-8F81-4404-83D3-844CE030E513}"
	ProjectSection(SolutionItems) = preProject
		test\Directory.Build.props = test\Directory.Build.props
	EndProjectSection
EndProject
Project("{9A19103F-16F7-4668-BE54-9A1E7A4F7556}") = "Nancy", "src\Nancy\Nancy.csproj", "{ADAB2C6B-10FE-4B31-BCD2-E2EFA69D5A66}"
EndProject
Project("{9A19103F-16F7-4668-BE54-9A1E7A4F7556}") = "Nancy.Testing", "src\Nancy.Testing\Nancy.Testing.csproj", "{66119997-5949-45D6-9175-F1C7C599A8F5}"
EndProject
Project("{9A19103F-16F7-4668-BE54-9A1E7A4F7556}") = "Nancy.Authentication.Forms", "src\Nancy.Authentication.Forms\Nancy.Authentication.Forms.csproj", "{09F5EB90-1063-4338-A146-25F7BE8BFF43}"
EndProject
Project("{9A19103F-16F7-4668-BE54-9A1E7A4F7556}") = "Nancy.ViewEngines.Markdown.Tests", "test\Nancy.ViewEngines.Markdown.Tests\Nancy.ViewEngines.Markdown.Tests.csproj", "{1CA8D3D3-B6A6-4006-AA96-671CB41D6391}"
EndProject
Project("{9A19103F-16F7-4668-BE54-9A1E7A4F7556}") = "Nancy.ViewEngines.Markdown", "src\Nancy.ViewEngines.Markdown\Nancy.ViewEngines.Markdown.csproj", "{CCB5075B-C50A-4CD1-983A-2D51DC2430F4}"
EndProject
Project("{9A19103F-16F7-4668-BE54-9A1E7A4F7556}") = "Nancy.Validation.FluentValidation.Tests", "test\Nancy.Validation.FluentValidation.Tests\Nancy.Validation.FluentValidation.Tests.csproj", "{0E9B466C-1151-4AE9-A55A-6377A25F8235}"
EndProject
Project("{9A19103F-16F7-4668-BE54-9A1E7A4F7556}") = "Nancy.Validation.FluentValidation", "src\Nancy.Validation.FluentValidation\Nancy.Validation.FluentValidation.csproj", "{33D5FB92-074E-4C13-BFD6-21184DD0013A}"
EndProject
Project("{9A19103F-16F7-4668-BE54-9A1E7A4F7556}") = "Nancy.Tests.Functional", "test\Nancy.Tests.Functional\Nancy.Tests.Functional.csproj", "{7944AA31-16BA-43A8-A9CB-2ED758518C9E}"
EndProject
Project("{9A19103F-16F7-4668-BE54-9A1E7A4F7556}") = "Nancy.Tests", "test\Nancy.Tests\Nancy.Tests.csproj", "{9C383F09-8936-42ED-B9A6-ED3300AECB1C}"
EndProject
Project("{9A19103F-16F7-4668-BE54-9A1E7A4F7556}") = "Nancy.Testing.Tests", "test\Nancy.Testing.Tests\Nancy.Testing.Tests.csproj", "{5E5AF23F-61F6-4B44-B682-2D141B54DF5C}"
EndProject
Project("{9A19103F-16F7-4668-BE54-9A1E7A4F7556}") = "Nancy.Metadata.Modules.Tests", "test\Nancy.Metadata.Modules.Tests\Nancy.Metadata.Modules.Tests.csproj", "{8302F65E-035F-45D7-B894-915B68B72711}"
EndProject
Project("{9A19103F-16F7-4668-BE54-9A1E7A4F7556}") = "Nancy.Metadata.Modules", "src\Nancy.Metadata.Modules\Nancy.Metadata.Modules.csproj", "{89DED7A5-7334-4852-A1FC-9266AD0EF388}"
EndProject
Project("{9A19103F-16F7-4668-BE54-9A1E7A4F7556}") = "Nancy.Embedded.Tests", "test\Nancy.Embedded.Tests\Nancy.Embedded.Tests.csproj", "{8A936050-5B84-4711-A235-2BA36A445B26}"
EndProject
Project("{9A19103F-16F7-4668-BE54-9A1E7A4F7556}") = "Nancy.Embedded", "src\Nancy.Embedded\Nancy.Embedded.csproj", "{8120B952-D9BC-450A-B691-C030177CD24D}"
EndProject
Project("{9A19103F-16F7-4668-BE54-9A1E7A4F7556}") = "Nancy.Authentication.Forms.Tests", "test\Nancy.Authentication.Forms.Tests\Nancy.Authentication.Forms.Tests.csproj", "{E3C25A1C-2754-4134-8780-1F0A247D6850}"
EndProject
Project("{9A19103F-16F7-4668-BE54-9A1E7A4F7556}") = "Nancy.Authentication.Basic.Tests", "test\Nancy.Authentication.Basic.Tests\Nancy.Authentication.Basic.Tests.csproj", "{5323D32E-0CF2-41B6-AF91-37F744AC1554}"
EndProject
Project("{9A19103F-16F7-4668-BE54-9A1E7A4F7556}") = "Nancy.Authentication.Basic", "src\Nancy.Authentication.Basic\Nancy.Authentication.Basic.csproj", "{22E99FEC-8DFC-4E87-90EE-BC7F6E988DAD}"
EndProject
Project("{9A19103F-16F7-4668-BE54-9A1E7A4F7556}") = "Nancy.Authentication.Stateless", "src\Nancy.Authentication.Stateless\Nancy.Authentication.Stateless.csproj", "{EEEE504F-24AC-4932-9B28-F684AB20FB50}"
EndProject
Project("{9A19103F-16F7-4668-BE54-9A1E7A4F7556}") = "Nancy.Demo.Hosting.Kestrel", "samples\Nancy.Demo.Hosting.Kestrel\Nancy.Demo.Hosting.Kestrel.csproj", "{3AF8D59E-D10A-46DE-97A6-0A6C156F22CD}"
EndProject
Global
	GlobalSection(SolutionConfigurationPlatforms) = preSolution
		Debug|Any CPU = Debug|Any CPU
		Debug|x64 = Debug|x64
		Debug|x86 = Debug|x86
		Release|Any CPU = Release|Any CPU
		Release|x64 = Release|x64
		Release|x86 = Release|x86
	EndGlobalSection
	GlobalSection(ProjectConfigurationPlatforms) = postSolution
		{ADAB2C6B-10FE-4B31-BCD2-E2EFA69D5A66}.Debug|Any CPU.ActiveCfg = Debug|Any CPU
		{ADAB2C6B-10FE-4B31-BCD2-E2EFA69D5A66}.Debug|Any CPU.Build.0 = Debug|Any CPU
		{ADAB2C6B-10FE-4B31-BCD2-E2EFA69D5A66}.Debug|x64.ActiveCfg = Debug|Any CPU
		{ADAB2C6B-10FE-4B31-BCD2-E2EFA69D5A66}.Debug|x64.Build.0 = Debug|Any CPU
		{ADAB2C6B-10FE-4B31-BCD2-E2EFA69D5A66}.Debug|x86.ActiveCfg = Debug|Any CPU
		{ADAB2C6B-10FE-4B31-BCD2-E2EFA69D5A66}.Debug|x86.Build.0 = Debug|Any CPU
		{ADAB2C6B-10FE-4B31-BCD2-E2EFA69D5A66}.Release|Any CPU.ActiveCfg = Release|Any CPU
		{ADAB2C6B-10FE-4B31-BCD2-E2EFA69D5A66}.Release|Any CPU.Build.0 = Release|Any CPU
		{ADAB2C6B-10FE-4B31-BCD2-E2EFA69D5A66}.Release|x64.ActiveCfg = Release|Any CPU
		{ADAB2C6B-10FE-4B31-BCD2-E2EFA69D5A66}.Release|x64.Build.0 = Release|Any CPU
		{ADAB2C6B-10FE-4B31-BCD2-E2EFA69D5A66}.Release|x86.ActiveCfg = Release|Any CPU
		{ADAB2C6B-10FE-4B31-BCD2-E2EFA69D5A66}.Release|x86.Build.0 = Release|Any CPU
		{66119997-5949-45D6-9175-F1C7C599A8F5}.Debug|Any CPU.ActiveCfg = Debug|Any CPU
		{66119997-5949-45D6-9175-F1C7C599A8F5}.Debug|Any CPU.Build.0 = Debug|Any CPU
		{66119997-5949-45D6-9175-F1C7C599A8F5}.Debug|x64.ActiveCfg = Debug|Any CPU
		{66119997-5949-45D6-9175-F1C7C599A8F5}.Debug|x64.Build.0 = Debug|Any CPU
		{66119997-5949-45D6-9175-F1C7C599A8F5}.Debug|x86.ActiveCfg = Debug|Any CPU
		{66119997-5949-45D6-9175-F1C7C599A8F5}.Debug|x86.Build.0 = Debug|Any CPU
		{66119997-5949-45D6-9175-F1C7C599A8F5}.Release|Any CPU.ActiveCfg = Release|Any CPU
		{66119997-5949-45D6-9175-F1C7C599A8F5}.Release|Any CPU.Build.0 = Release|Any CPU
		{66119997-5949-45D6-9175-F1C7C599A8F5}.Release|x64.ActiveCfg = Release|Any CPU
		{66119997-5949-45D6-9175-F1C7C599A8F5}.Release|x64.Build.0 = Release|Any CPU
		{66119997-5949-45D6-9175-F1C7C599A8F5}.Release|x86.ActiveCfg = Release|Any CPU
		{66119997-5949-45D6-9175-F1C7C599A8F5}.Release|x86.Build.0 = Release|Any CPU
		{09F5EB90-1063-4338-A146-25F7BE8BFF43}.Debug|Any CPU.ActiveCfg = Debug|Any CPU
		{09F5EB90-1063-4338-A146-25F7BE8BFF43}.Debug|Any CPU.Build.0 = Debug|Any CPU
		{09F5EB90-1063-4338-A146-25F7BE8BFF43}.Debug|x64.ActiveCfg = Debug|Any CPU
		{09F5EB90-1063-4338-A146-25F7BE8BFF43}.Debug|x64.Build.0 = Debug|Any CPU
		{09F5EB90-1063-4338-A146-25F7BE8BFF43}.Debug|x86.ActiveCfg = Debug|Any CPU
		{09F5EB90-1063-4338-A146-25F7BE8BFF43}.Debug|x86.Build.0 = Debug|Any CPU
		{09F5EB90-1063-4338-A146-25F7BE8BFF43}.Release|Any CPU.ActiveCfg = Release|Any CPU
		{09F5EB90-1063-4338-A146-25F7BE8BFF43}.Release|Any CPU.Build.0 = Release|Any CPU
		{09F5EB90-1063-4338-A146-25F7BE8BFF43}.Release|x64.ActiveCfg = Release|Any CPU
		{09F5EB90-1063-4338-A146-25F7BE8BFF43}.Release|x64.Build.0 = Release|Any CPU
		{09F5EB90-1063-4338-A146-25F7BE8BFF43}.Release|x86.ActiveCfg = Release|Any CPU
		{09F5EB90-1063-4338-A146-25F7BE8BFF43}.Release|x86.Build.0 = Release|Any CPU
		{1CA8D3D3-B6A6-4006-AA96-671CB41D6391}.Debug|Any CPU.ActiveCfg = Debug|Any CPU
		{1CA8D3D3-B6A6-4006-AA96-671CB41D6391}.Debug|Any CPU.Build.0 = Debug|Any CPU
		{1CA8D3D3-B6A6-4006-AA96-671CB41D6391}.Debug|x64.ActiveCfg = Debug|Any CPU
		{1CA8D3D3-B6A6-4006-AA96-671CB41D6391}.Debug|x64.Build.0 = Debug|Any CPU
		{1CA8D3D3-B6A6-4006-AA96-671CB41D6391}.Debug|x86.ActiveCfg = Debug|Any CPU
		{1CA8D3D3-B6A6-4006-AA96-671CB41D6391}.Debug|x86.Build.0 = Debug|Any CPU
		{1CA8D3D3-B6A6-4006-AA96-671CB41D6391}.Release|Any CPU.ActiveCfg = Release|Any CPU
		{1CA8D3D3-B6A6-4006-AA96-671CB41D6391}.Release|Any CPU.Build.0 = Release|Any CPU
		{1CA8D3D3-B6A6-4006-AA96-671CB41D6391}.Release|x64.ActiveCfg = Release|Any CPU
		{1CA8D3D3-B6A6-4006-AA96-671CB41D6391}.Release|x64.Build.0 = Release|Any CPU
		{1CA8D3D3-B6A6-4006-AA96-671CB41D6391}.Release|x86.ActiveCfg = Release|Any CPU
		{1CA8D3D3-B6A6-4006-AA96-671CB41D6391}.Release|x86.Build.0 = Release|Any CPU
		{CCB5075B-C50A-4CD1-983A-2D51DC2430F4}.Debug|Any CPU.ActiveCfg = Debug|Any CPU
		{CCB5075B-C50A-4CD1-983A-2D51DC2430F4}.Debug|Any CPU.Build.0 = Debug|Any CPU
		{CCB5075B-C50A-4CD1-983A-2D51DC2430F4}.Debug|x64.ActiveCfg = Debug|Any CPU
		{CCB5075B-C50A-4CD1-983A-2D51DC2430F4}.Debug|x64.Build.0 = Debug|Any CPU
		{CCB5075B-C50A-4CD1-983A-2D51DC2430F4}.Debug|x86.ActiveCfg = Debug|Any CPU
		{CCB5075B-C50A-4CD1-983A-2D51DC2430F4}.Debug|x86.Build.0 = Debug|Any CPU
		{CCB5075B-C50A-4CD1-983A-2D51DC2430F4}.Release|Any CPU.ActiveCfg = Release|Any CPU
		{CCB5075B-C50A-4CD1-983A-2D51DC2430F4}.Release|Any CPU.Build.0 = Release|Any CPU
		{CCB5075B-C50A-4CD1-983A-2D51DC2430F4}.Release|x64.ActiveCfg = Release|Any CPU
		{CCB5075B-C50A-4CD1-983A-2D51DC2430F4}.Release|x64.Build.0 = Release|Any CPU
		{CCB5075B-C50A-4CD1-983A-2D51DC2430F4}.Release|x86.ActiveCfg = Release|Any CPU
		{CCB5075B-C50A-4CD1-983A-2D51DC2430F4}.Release|x86.Build.0 = Release|Any CPU
		{0E9B466C-1151-4AE9-A55A-6377A25F8235}.Debug|Any CPU.ActiveCfg = Debug|Any CPU
		{0E9B466C-1151-4AE9-A55A-6377A25F8235}.Debug|Any CPU.Build.0 = Debug|Any CPU
		{0E9B466C-1151-4AE9-A55A-6377A25F8235}.Debug|x64.ActiveCfg = Debug|Any CPU
		{0E9B466C-1151-4AE9-A55A-6377A25F8235}.Debug|x64.Build.0 = Debug|Any CPU
		{0E9B466C-1151-4AE9-A55A-6377A25F8235}.Debug|x86.ActiveCfg = Debug|Any CPU
		{0E9B466C-1151-4AE9-A55A-6377A25F8235}.Debug|x86.Build.0 = Debug|Any CPU
		{0E9B466C-1151-4AE9-A55A-6377A25F8235}.Release|Any CPU.ActiveCfg = Release|Any CPU
		{0E9B466C-1151-4AE9-A55A-6377A25F8235}.Release|Any CPU.Build.0 = Release|Any CPU
		{0E9B466C-1151-4AE9-A55A-6377A25F8235}.Release|x64.ActiveCfg = Release|Any CPU
		{0E9B466C-1151-4AE9-A55A-6377A25F8235}.Release|x64.Build.0 = Release|Any CPU
		{0E9B466C-1151-4AE9-A55A-6377A25F8235}.Release|x86.ActiveCfg = Release|Any CPU
		{0E9B466C-1151-4AE9-A55A-6377A25F8235}.Release|x86.Build.0 = Release|Any CPU
		{33D5FB92-074E-4C13-BFD6-21184DD0013A}.Debug|Any CPU.ActiveCfg = Debug|Any CPU
		{33D5FB92-074E-4C13-BFD6-21184DD0013A}.Debug|Any CPU.Build.0 = Debug|Any CPU
		{33D5FB92-074E-4C13-BFD6-21184DD0013A}.Debug|x64.ActiveCfg = Debug|Any CPU
		{33D5FB92-074E-4C13-BFD6-21184DD0013A}.Debug|x64.Build.0 = Debug|Any CPU
		{33D5FB92-074E-4C13-BFD6-21184DD0013A}.Debug|x86.ActiveCfg = Debug|Any CPU
		{33D5FB92-074E-4C13-BFD6-21184DD0013A}.Debug|x86.Build.0 = Debug|Any CPU
		{33D5FB92-074E-4C13-BFD6-21184DD0013A}.Release|Any CPU.ActiveCfg = Release|Any CPU
		{33D5FB92-074E-4C13-BFD6-21184DD0013A}.Release|Any CPU.Build.0 = Release|Any CPU
		{33D5FB92-074E-4C13-BFD6-21184DD0013A}.Release|x64.ActiveCfg = Release|Any CPU
		{33D5FB92-074E-4C13-BFD6-21184DD0013A}.Release|x64.Build.0 = Release|Any CPU
		{33D5FB92-074E-4C13-BFD6-21184DD0013A}.Release|x86.ActiveCfg = Release|Any CPU
		{33D5FB92-074E-4C13-BFD6-21184DD0013A}.Release|x86.Build.0 = Release|Any CPU
		{7944AA31-16BA-43A8-A9CB-2ED758518C9E}.Debug|Any CPU.ActiveCfg = Debug|Any CPU
		{7944AA31-16BA-43A8-A9CB-2ED758518C9E}.Debug|Any CPU.Build.0 = Debug|Any CPU
		{7944AA31-16BA-43A8-A9CB-2ED758518C9E}.Debug|x64.ActiveCfg = Debug|Any CPU
		{7944AA31-16BA-43A8-A9CB-2ED758518C9E}.Debug|x64.Build.0 = Debug|Any CPU
		{7944AA31-16BA-43A8-A9CB-2ED758518C9E}.Debug|x86.ActiveCfg = Debug|Any CPU
		{7944AA31-16BA-43A8-A9CB-2ED758518C9E}.Debug|x86.Build.0 = Debug|Any CPU
		{7944AA31-16BA-43A8-A9CB-2ED758518C9E}.Release|Any CPU.ActiveCfg = Release|Any CPU
		{7944AA31-16BA-43A8-A9CB-2ED758518C9E}.Release|Any CPU.Build.0 = Release|Any CPU
		{7944AA31-16BA-43A8-A9CB-2ED758518C9E}.Release|x64.ActiveCfg = Release|Any CPU
		{7944AA31-16BA-43A8-A9CB-2ED758518C9E}.Release|x64.Build.0 = Release|Any CPU
		{7944AA31-16BA-43A8-A9CB-2ED758518C9E}.Release|x86.ActiveCfg = Release|Any CPU
		{7944AA31-16BA-43A8-A9CB-2ED758518C9E}.Release|x86.Build.0 = Release|Any CPU
		{9C383F09-8936-42ED-B9A6-ED3300AECB1C}.Debug|Any CPU.ActiveCfg = Debug|Any CPU
		{9C383F09-8936-42ED-B9A6-ED3300AECB1C}.Debug|Any CPU.Build.0 = Debug|Any CPU
		{9C383F09-8936-42ED-B9A6-ED3300AECB1C}.Debug|x64.ActiveCfg = Debug|Any CPU
		{9C383F09-8936-42ED-B9A6-ED3300AECB1C}.Debug|x64.Build.0 = Debug|Any CPU
		{9C383F09-8936-42ED-B9A6-ED3300AECB1C}.Debug|x86.ActiveCfg = Debug|Any CPU
		{9C383F09-8936-42ED-B9A6-ED3300AECB1C}.Debug|x86.Build.0 = Debug|Any CPU
		{9C383F09-8936-42ED-B9A6-ED3300AECB1C}.Release|Any CPU.ActiveCfg = Release|Any CPU
		{9C383F09-8936-42ED-B9A6-ED3300AECB1C}.Release|Any CPU.Build.0 = Release|Any CPU
		{9C383F09-8936-42ED-B9A6-ED3300AECB1C}.Release|x64.ActiveCfg = Release|Any CPU
		{9C383F09-8936-42ED-B9A6-ED3300AECB1C}.Release|x64.Build.0 = Release|Any CPU
		{9C383F09-8936-42ED-B9A6-ED3300AECB1C}.Release|x86.ActiveCfg = Release|Any CPU
		{9C383F09-8936-42ED-B9A6-ED3300AECB1C}.Release|x86.Build.0 = Release|Any CPU
		{5E5AF23F-61F6-4B44-B682-2D141B54DF5C}.Debug|Any CPU.ActiveCfg = Debug|Any CPU
		{5E5AF23F-61F6-4B44-B682-2D141B54DF5C}.Debug|Any CPU.Build.0 = Debug|Any CPU
		{5E5AF23F-61F6-4B44-B682-2D141B54DF5C}.Debug|x64.ActiveCfg = Debug|Any CPU
		{5E5AF23F-61F6-4B44-B682-2D141B54DF5C}.Debug|x64.Build.0 = Debug|Any CPU
		{5E5AF23F-61F6-4B44-B682-2D141B54DF5C}.Debug|x86.ActiveCfg = Debug|Any CPU
		{5E5AF23F-61F6-4B44-B682-2D141B54DF5C}.Debug|x86.Build.0 = Debug|Any CPU
		{5E5AF23F-61F6-4B44-B682-2D141B54DF5C}.Release|Any CPU.ActiveCfg = Release|Any CPU
		{5E5AF23F-61F6-4B44-B682-2D141B54DF5C}.Release|Any CPU.Build.0 = Release|Any CPU
		{5E5AF23F-61F6-4B44-B682-2D141B54DF5C}.Release|x64.ActiveCfg = Release|Any CPU
		{5E5AF23F-61F6-4B44-B682-2D141B54DF5C}.Release|x64.Build.0 = Release|Any CPU
		{5E5AF23F-61F6-4B44-B682-2D141B54DF5C}.Release|x86.ActiveCfg = Release|Any CPU
		{5E5AF23F-61F6-4B44-B682-2D141B54DF5C}.Release|x86.Build.0 = Release|Any CPU
		{8302F65E-035F-45D7-B894-915B68B72711}.Debug|Any CPU.ActiveCfg = Debug|Any CPU
		{8302F65E-035F-45D7-B894-915B68B72711}.Debug|Any CPU.Build.0 = Debug|Any CPU
		{8302F65E-035F-45D7-B894-915B68B72711}.Debug|x64.ActiveCfg = Debug|Any CPU
		{8302F65E-035F-45D7-B894-915B68B72711}.Debug|x64.Build.0 = Debug|Any CPU
		{8302F65E-035F-45D7-B894-915B68B72711}.Debug|x86.ActiveCfg = Debug|Any CPU
		{8302F65E-035F-45D7-B894-915B68B72711}.Debug|x86.Build.0 = Debug|Any CPU
		{8302F65E-035F-45D7-B894-915B68B72711}.Release|Any CPU.ActiveCfg = Release|Any CPU
		{8302F65E-035F-45D7-B894-915B68B72711}.Release|Any CPU.Build.0 = Release|Any CPU
		{8302F65E-035F-45D7-B894-915B68B72711}.Release|x64.ActiveCfg = Release|Any CPU
		{8302F65E-035F-45D7-B894-915B68B72711}.Release|x64.Build.0 = Release|Any CPU
		{8302F65E-035F-45D7-B894-915B68B72711}.Release|x86.ActiveCfg = Release|Any CPU
		{8302F65E-035F-45D7-B894-915B68B72711}.Release|x86.Build.0 = Release|Any CPU
		{89DED7A5-7334-4852-A1FC-9266AD0EF388}.Debug|Any CPU.ActiveCfg = Debug|Any CPU
		{89DED7A5-7334-4852-A1FC-9266AD0EF388}.Debug|Any CPU.Build.0 = Debug|Any CPU
		{89DED7A5-7334-4852-A1FC-9266AD0EF388}.Debug|x64.ActiveCfg = Debug|Any CPU
		{89DED7A5-7334-4852-A1FC-9266AD0EF388}.Debug|x64.Build.0 = Debug|Any CPU
		{89DED7A5-7334-4852-A1FC-9266AD0EF388}.Debug|x86.ActiveCfg = Debug|Any CPU
		{89DED7A5-7334-4852-A1FC-9266AD0EF388}.Debug|x86.Build.0 = Debug|Any CPU
		{89DED7A5-7334-4852-A1FC-9266AD0EF388}.Release|Any CPU.ActiveCfg = Release|Any CPU
		{89DED7A5-7334-4852-A1FC-9266AD0EF388}.Release|Any CPU.Build.0 = Release|Any CPU
		{89DED7A5-7334-4852-A1FC-9266AD0EF388}.Release|x64.ActiveCfg = Release|Any CPU
		{89DED7A5-7334-4852-A1FC-9266AD0EF388}.Release|x64.Build.0 = Release|Any CPU
		{89DED7A5-7334-4852-A1FC-9266AD0EF388}.Release|x86.ActiveCfg = Release|Any CPU
		{89DED7A5-7334-4852-A1FC-9266AD0EF388}.Release|x86.Build.0 = Release|Any CPU
		{8A936050-5B84-4711-A235-2BA36A445B26}.Debug|Any CPU.ActiveCfg = Debug|Any CPU
		{8A936050-5B84-4711-A235-2BA36A445B26}.Debug|Any CPU.Build.0 = Debug|Any CPU
		{8A936050-5B84-4711-A235-2BA36A445B26}.Debug|x64.ActiveCfg = Debug|Any CPU
		{8A936050-5B84-4711-A235-2BA36A445B26}.Debug|x64.Build.0 = Debug|Any CPU
		{8A936050-5B84-4711-A235-2BA36A445B26}.Debug|x86.ActiveCfg = Debug|Any CPU
		{8A936050-5B84-4711-A235-2BA36A445B26}.Debug|x86.Build.0 = Debug|Any CPU
		{8A936050-5B84-4711-A235-2BA36A445B26}.Release|Any CPU.ActiveCfg = Release|Any CPU
		{8A936050-5B84-4711-A235-2BA36A445B26}.Release|Any CPU.Build.0 = Release|Any CPU
		{8A936050-5B84-4711-A235-2BA36A445B26}.Release|x64.ActiveCfg = Release|Any CPU
		{8A936050-5B84-4711-A235-2BA36A445B26}.Release|x64.Build.0 = Release|Any CPU
		{8A936050-5B84-4711-A235-2BA36A445B26}.Release|x86.ActiveCfg = Release|Any CPU
		{8A936050-5B84-4711-A235-2BA36A445B26}.Release|x86.Build.0 = Release|Any CPU
		{8120B952-D9BC-450A-B691-C030177CD24D}.Debug|Any CPU.ActiveCfg = Debug|Any CPU
		{8120B952-D9BC-450A-B691-C030177CD24D}.Debug|Any CPU.Build.0 = Debug|Any CPU
		{8120B952-D9BC-450A-B691-C030177CD24D}.Debug|x64.ActiveCfg = Debug|Any CPU
		{8120B952-D9BC-450A-B691-C030177CD24D}.Debug|x64.Build.0 = Debug|Any CPU
		{8120B952-D9BC-450A-B691-C030177CD24D}.Debug|x86.ActiveCfg = Debug|Any CPU
		{8120B952-D9BC-450A-B691-C030177CD24D}.Debug|x86.Build.0 = Debug|Any CPU
		{8120B952-D9BC-450A-B691-C030177CD24D}.Release|Any CPU.ActiveCfg = Release|Any CPU
		{8120B952-D9BC-450A-B691-C030177CD24D}.Release|Any CPU.Build.0 = Release|Any CPU
		{8120B952-D9BC-450A-B691-C030177CD24D}.Release|x64.ActiveCfg = Release|Any CPU
		{8120B952-D9BC-450A-B691-C030177CD24D}.Release|x64.Build.0 = Release|Any CPU
		{8120B952-D9BC-450A-B691-C030177CD24D}.Release|x86.ActiveCfg = Release|Any CPU
		{8120B952-D9BC-450A-B691-C030177CD24D}.Release|x86.Build.0 = Release|Any CPU
		{E3C25A1C-2754-4134-8780-1F0A247D6850}.Debug|Any CPU.ActiveCfg = Debug|Any CPU
		{E3C25A1C-2754-4134-8780-1F0A247D6850}.Debug|Any CPU.Build.0 = Debug|Any CPU
		{E3C25A1C-2754-4134-8780-1F0A247D6850}.Debug|x64.ActiveCfg = Debug|Any CPU
		{E3C25A1C-2754-4134-8780-1F0A247D6850}.Debug|x64.Build.0 = Debug|Any CPU
		{E3C25A1C-2754-4134-8780-1F0A247D6850}.Debug|x86.ActiveCfg = Debug|Any CPU
		{E3C25A1C-2754-4134-8780-1F0A247D6850}.Debug|x86.Build.0 = Debug|Any CPU
		{E3C25A1C-2754-4134-8780-1F0A247D6850}.Release|Any CPU.ActiveCfg = Release|Any CPU
		{E3C25A1C-2754-4134-8780-1F0A247D6850}.Release|Any CPU.Build.0 = Release|Any CPU
		{E3C25A1C-2754-4134-8780-1F0A247D6850}.Release|x64.ActiveCfg = Release|Any CPU
		{E3C25A1C-2754-4134-8780-1F0A247D6850}.Release|x64.Build.0 = Release|Any CPU
		{E3C25A1C-2754-4134-8780-1F0A247D6850}.Release|x86.ActiveCfg = Release|Any CPU
		{E3C25A1C-2754-4134-8780-1F0A247D6850}.Release|x86.Build.0 = Release|Any CPU
		{5323D32E-0CF2-41B6-AF91-37F744AC1554}.Debug|Any CPU.ActiveCfg = Debug|Any CPU
		{5323D32E-0CF2-41B6-AF91-37F744AC1554}.Debug|Any CPU.Build.0 = Debug|Any CPU
		{5323D32E-0CF2-41B6-AF91-37F744AC1554}.Debug|x64.ActiveCfg = Debug|Any CPU
		{5323D32E-0CF2-41B6-AF91-37F744AC1554}.Debug|x64.Build.0 = Debug|Any CPU
		{5323D32E-0CF2-41B6-AF91-37F744AC1554}.Debug|x86.ActiveCfg = Debug|Any CPU
		{5323D32E-0CF2-41B6-AF91-37F744AC1554}.Debug|x86.Build.0 = Debug|Any CPU
		{5323D32E-0CF2-41B6-AF91-37F744AC1554}.Release|Any CPU.ActiveCfg = Release|Any CPU
		{5323D32E-0CF2-41B6-AF91-37F744AC1554}.Release|Any CPU.Build.0 = Release|Any CPU
		{5323D32E-0CF2-41B6-AF91-37F744AC1554}.Release|x64.ActiveCfg = Release|Any CPU
		{5323D32E-0CF2-41B6-AF91-37F744AC1554}.Release|x64.Build.0 = Release|Any CPU
		{5323D32E-0CF2-41B6-AF91-37F744AC1554}.Release|x86.ActiveCfg = Release|Any CPU
		{5323D32E-0CF2-41B6-AF91-37F744AC1554}.Release|x86.Build.0 = Release|Any CPU
		{22E99FEC-8DFC-4E87-90EE-BC7F6E988DAD}.Debug|Any CPU.ActiveCfg = Debug|Any CPU
		{22E99FEC-8DFC-4E87-90EE-BC7F6E988DAD}.Debug|Any CPU.Build.0 = Debug|Any CPU
		{22E99FEC-8DFC-4E87-90EE-BC7F6E988DAD}.Debug|x64.ActiveCfg = Debug|Any CPU
		{22E99FEC-8DFC-4E87-90EE-BC7F6E988DAD}.Debug|x64.Build.0 = Debug|Any CPU
		{22E99FEC-8DFC-4E87-90EE-BC7F6E988DAD}.Debug|x86.ActiveCfg = Debug|Any CPU
		{22E99FEC-8DFC-4E87-90EE-BC7F6E988DAD}.Debug|x86.Build.0 = Debug|Any CPU
		{22E99FEC-8DFC-4E87-90EE-BC7F6E988DAD}.Release|Any CPU.ActiveCfg = Release|Any CPU
		{22E99FEC-8DFC-4E87-90EE-BC7F6E988DAD}.Release|Any CPU.Build.0 = Release|Any CPU
		{22E99FEC-8DFC-4E87-90EE-BC7F6E988DAD}.Release|x64.ActiveCfg = Release|Any CPU
		{22E99FEC-8DFC-4E87-90EE-BC7F6E988DAD}.Release|x64.Build.0 = Release|Any CPU
		{22E99FEC-8DFC-4E87-90EE-BC7F6E988DAD}.Release|x86.ActiveCfg = Release|Any CPU
		{22E99FEC-8DFC-4E87-90EE-BC7F6E988DAD}.Release|x86.Build.0 = Release|Any CPU
		{EEEE504F-24AC-4932-9B28-F684AB20FB50}.Debug|Any CPU.ActiveCfg = Debug|Any CPU
		{EEEE504F-24AC-4932-9B28-F684AB20FB50}.Debug|Any CPU.Build.0 = Debug|Any CPU
		{EEEE504F-24AC-4932-9B28-F684AB20FB50}.Debug|x64.ActiveCfg = Debug|Any CPU
		{EEEE504F-24AC-4932-9B28-F684AB20FB50}.Debug|x64.Build.0 = Debug|Any CPU
		{EEEE504F-24AC-4932-9B28-F684AB20FB50}.Debug|x86.ActiveCfg = Debug|Any CPU
		{EEEE504F-24AC-4932-9B28-F684AB20FB50}.Debug|x86.Build.0 = Debug|Any CPU
		{EEEE504F-24AC-4932-9B28-F684AB20FB50}.Release|Any CPU.ActiveCfg = Release|Any CPU
		{EEEE504F-24AC-4932-9B28-F684AB20FB50}.Release|Any CPU.Build.0 = Release|Any CPU
		{EEEE504F-24AC-4932-9B28-F684AB20FB50}.Release|x64.ActiveCfg = Release|Any CPU
		{EEEE504F-24AC-4932-9B28-F684AB20FB50}.Release|x64.Build.0 = Release|Any CPU
		{EEEE504F-24AC-4932-9B28-F684AB20FB50}.Release|x86.ActiveCfg = Release|Any CPU
		{EEEE504F-24AC-4932-9B28-F684AB20FB50}.Release|x86.Build.0 = Release|Any CPU
		{3AF8D59E-D10A-46DE-97A6-0A6C156F22CD}.Debug|Any CPU.ActiveCfg = Debug|Any CPU
		{3AF8D59E-D10A-46DE-97A6-0A6C156F22CD}.Debug|Any CPU.Build.0 = Debug|Any CPU
		{3AF8D59E-D10A-46DE-97A6-0A6C156F22CD}.Debug|x64.ActiveCfg = Debug|Any CPU
		{3AF8D59E-D10A-46DE-97A6-0A6C156F22CD}.Debug|x64.Build.0 = Debug|Any CPU
		{3AF8D59E-D10A-46DE-97A6-0A6C156F22CD}.Debug|x86.ActiveCfg = Debug|Any CPU
		{3AF8D59E-D10A-46DE-97A6-0A6C156F22CD}.Debug|x86.Build.0 = Debug|Any CPU
		{3AF8D59E-D10A-46DE-97A6-0A6C156F22CD}.Release|Any CPU.ActiveCfg = Release|Any CPU
		{3AF8D59E-D10A-46DE-97A6-0A6C156F22CD}.Release|Any CPU.Build.0 = Release|Any CPU
		{3AF8D59E-D10A-46DE-97A6-0A6C156F22CD}.Release|x64.ActiveCfg = Release|Any CPU
		{3AF8D59E-D10A-46DE-97A6-0A6C156F22CD}.Release|x64.Build.0 = Release|Any CPU
		{3AF8D59E-D10A-46DE-97A6-0A6C156F22CD}.Release|x86.ActiveCfg = Release|Any CPU
		{3AF8D59E-D10A-46DE-97A6-0A6C156F22CD}.Release|x86.Build.0 = Release|Any CPU
	EndGlobalSection
	GlobalSection(SolutionProperties) = preSolution
		HideSolutionNode = FALSE
	EndGlobalSection
	GlobalSection(NestedProjects) = preSolution
		{ADAB2C6B-10FE-4B31-BCD2-E2EFA69D5A66} = {5734E9DC-CF67-4337-B28E-695280598B88}
		{66119997-5949-45D6-9175-F1C7C599A8F5} = {5734E9DC-CF67-4337-B28E-695280598B88}
		{09F5EB90-1063-4338-A146-25F7BE8BFF43} = {5734E9DC-CF67-4337-B28E-695280598B88}
		{1CA8D3D3-B6A6-4006-AA96-671CB41D6391} = {058BCE2A-8F81-4404-83D3-844CE030E513}
		{CCB5075B-C50A-4CD1-983A-2D51DC2430F4} = {5734E9DC-CF67-4337-B28E-695280598B88}
		{0E9B466C-1151-4AE9-A55A-6377A25F8235} = {058BCE2A-8F81-4404-83D3-844CE030E513}
		{33D5FB92-074E-4C13-BFD6-21184DD0013A} = {5734E9DC-CF67-4337-B28E-695280598B88}
		{7944AA31-16BA-43A8-A9CB-2ED758518C9E} = {058BCE2A-8F81-4404-83D3-844CE030E513}
		{9C383F09-8936-42ED-B9A6-ED3300AECB1C} = {058BCE2A-8F81-4404-83D3-844CE030E513}
		{5E5AF23F-61F6-4B44-B682-2D141B54DF5C} = {058BCE2A-8F81-4404-83D3-844CE030E513}
		{8302F65E-035F-45D7-B894-915B68B72711} = {058BCE2A-8F81-4404-83D3-844CE030E513}
		{89DED7A5-7334-4852-A1FC-9266AD0EF388} = {5734E9DC-CF67-4337-B28E-695280598B88}
		{8A936050-5B84-4711-A235-2BA36A445B26} = {058BCE2A-8F81-4404-83D3-844CE030E513}
		{8120B952-D9BC-450A-B691-C030177CD24D} = {5734E9DC-CF67-4337-B28E-695280598B88}
		{E3C25A1C-2754-4134-8780-1F0A247D6850} = {058BCE2A-8F81-4404-83D3-844CE030E513}
		{5323D32E-0CF2-41B6-AF91-37F744AC1554} = {058BCE2A-8F81-4404-83D3-844CE030E513}
		{22E99FEC-8DFC-4E87-90EE-BC7F6E988DAD} = {5734E9DC-CF67-4337-B28E-695280598B88}
		{EEEE504F-24AC-4932-9B28-F684AB20FB50} = {5734E9DC-CF67-4337-B28E-695280598B88}
		{3AF8D59E-D10A-46DE-97A6-0A6C156F22CD} = {AA791E28-7914-439A-B59A-580B8D8FE95D}
	EndGlobalSection
	GlobalSection(ExtensibilityGlobals) = postSolution
		SolutionGuid = {781C77FF-8818-4AF3-BCAF-C82B52FFF0C0}
	EndGlobalSection
EndGlobal
